
Microsoft Visual Studio Solution File, Format Version 10.00
# Visual C++ Express 2008
Project("{8BC9CEB8-8B4A-11D0-8D11-00A0C91BC942}") = "TestAll_Publish", "TestAll_Publish\TestAll_Publish.vcproj", "{0089DD48-3956-4EE6-846E-3EF4AC4048D2}"
EndProject
Project("{8BC9CEB8-8B4A-11D0-8D11-00A0C91BC942}") = "TestAll_Subscribe", "TestAll_Subscribe\TestAll_Subscribe.vcproj", "{2A52CE77-840D-4011-B314-286AE376811C}"
EndProject
Project("{8BC9CEB8-8B4A-11D0-8D11-00A0C91BC942}") = "TestAll_SubscribeToBase", "TestAll_SubscribeToBase\TestAll_SubscribeToBase.vcproj", "{94DBA0CE-B8C0-4F86-9CF2-5202B4F95224}"
EndProject
Global
	GlobalSection(SolutionConfigurationPlatforms) = preSolution
		Debug|Win32 = Debug|Win32
		Release|Win32 = Release|Win32
	EndGlobalSection
	GlobalSection(ProjectConfigurationPlatforms) = postSolution
		{0089DD48-3956-4EE6-846E-3EF4AC4048D2}.Debug|Win32.ActiveCfg = Debug|Win32
		{0089DD48-3956-4EE6-846E-3EF4AC4048D2}.Debug|Win32.Build.0 = Debug|Win32
		{0089DD48-3956-4EE6-846E-3EF4AC4048D2}.Release|Win32.ActiveCfg = Release|Win32
		{0089DD48-3956-4EE6-846E-3EF4AC4048D2}.Release|Win32.Build.0 = Release|Win32
		{2A52CE77-840D-4011-B314-286AE376811C}.Debug|Win32.ActiveCfg = Debug|Win32
		{2A52CE77-840D-4011-B314-286AE376811C}.Debug|Win32.Build.0 = Debug|Win32
		{2A52CE77-840D-4011-B314-286AE376811C}.Release|Win32.ActiveCfg = Release|Win32
		{2A52CE77-840D-4011-B314-286AE376811C}.Release|Win32.Build.0 = Release|Win32
		{94DBA0CE-B8C0-4F86-9CF2-5202B4F95224}.Debug|Win32.ActiveCfg = Debug|Win32
		{94DBA0CE-B8C0-4F86-9CF2-5202B4F95224}.Debug|Win32.Build.0 = Debug|Win32
		{94DBA0CE-B8C0-4F86-9CF2-5202B4F95224}.Release|Win32.ActiveCfg = Release|Win32
		{94DBA0CE-B8C0-4F86-9CF2-5202B4F95224}.Release|Win32.Build.0 = Release|Win32
	EndGlobalSection
	GlobalSection(SolutionProperties) = preSolution
		HideSolutionNode = FALSE
	EndGlobalSection
EndGlobal
